
Microsoft Visual Studio Solution File, Format Version 12.00
# Visual Studio 15
VisualStudioVersion = 15.0.27130.2024
MinimumVisualStudioVersion = 10.0.40219.1
Project("{FAE04EC0-301F-11D3-BF4B-00C04F79EFBC}") = "ProjectOverviewManager", "ProjectOverviewManager\ProjectOverviewManager.csproj", "{A3AF09E6-3DB6-4067-B8F1-462D74C15F67}"
EndProject
Global
	GlobalSection(SolutionConfigurationPlatforms) = preSolution
		Debug|Any CPU = Debug|Any CPU
		Release|Any CPU = Release|Any CPU
	EndGlobalSection
	GlobalSection(ProjectConfigurationPlatforms) = postSolution
		{A3AF09E6-3DB6-4067-B8F1-462D74C15F67}.Debug|Any CPU.ActiveCfg = Debug|Any CPU
		{A3AF09E6-3DB6-4067-B8F1-462D74C15F67}.Debug|Any CPU.Build.0 = Debug|Any CPU
		{A3AF09E6-3DB6-4067-B8F1-462D74C15F67}.Release|Any CPU.ActiveCfg = Release|Any CPU
		{A3AF09E6-3DB6-4067-B8F1-462D74C15F67}.Release|Any CPU.Build.0 = Release|Any CPU
	EndGlobalSection
	GlobalSection(SolutionProperties) = preSolution
		HideSolutionNode = FALSE
	EndGlobalSection
	GlobalSection(ExtensibilityGlobals) = postSolution
		SolutionGuid = {58375A60-7A1B-4DEE-AD3E-DF8AB3A060F7}
	EndGlobalSection
EndGlobal
